
Microsoft Visual Studio Solution File, Format Version 12.00
# Visual Studio Express 2012 for Windows Desktop
Project("{FAE04EC0-301F-11D3-BF4B-00C04F79EFBC}") = "cliente", "cliente\cliente.csproj", "{D659AF18-9D16-4268-A830-CCCBF3061BBA}"
EndProject
Global
	GlobalSection(SolutionConfigurationPlatforms) = preSolution
		Debug|Any CPU = Debug|Any CPU
		Release|Any CPU = Release|Any CPU
	EndGlobalSection
	GlobalSection(ProjectConfigurationPlatforms) = postSolution
		{D659AF18-9D16-4268-A830-CCCBF3061BBA}.Debug|Any CPU.ActiveCfg = Debug|Any CPU
		{D659AF18-9D16-4268-A830-CCCBF3061BBA}.Debug|Any CPU.Build.0 = Debug|Any CPU
		{D659AF18-9D16-4268-A830-CCCBF3061BBA}.Release|Any CPU.ActiveCfg = Release|Any CPU
		{D659AF18-9D16-4268-A830-CCCBF3061BBA}.Release|Any CPU.Build.0 = Release|Any CPU
	EndGlobalSection
	GlobalSection(SolutionProperties) = preSolution
		HideSolutionNode = FALSE
	EndGlobalSection
EndGlobal
